{
  "version": 4,
  "terraform_version": "1.12.2",
  "serial": 3,
  "lineage": "b0d2b3ea-56e0-7d24-cccb-acbd62034faa",
  "outputs": {},
  "resources": [
    {
      "mode": "managed",
      "type": "local_file",
      "name": "pet",
      "provider": "provider[\"registry.terraform.io/hashicorp/local\"]",
      "instances": [
        {
          "schema_version": 0,
          "attributes": {
            "content": "We love Pets!",
            "content_base64": null,
            "content_base64sha256": "MDs4SH+2Fq+HFmZonEwVMuYBGnithqJMvPcKFLc+CR0=",
            "content_base64sha512": "T2M7P7ftWN60pm1BOe0+yvkP6SKZsGShq4KjNrqJWU6KWzGdX+U6j5cDJoCYRYrjD7ASJEKnpMAKe3HoooavNg==",
            "content_md5": "44e162e2928af171c9b9b25d2ffdb953",
            "content_sha1": "a7e247f5038ccec95d2b1df39696c5e3aab6909f",
            "content_sha256": "303b38487fb616af871666689c4c1532e6011a78ad86a24cbcf70a14b73e091d",
            "content_sha512": "4f633b3fb7ed58deb4a66d4139ed3ecaf90fe92299b064a1ab82a336ba89594e8a5b319d5fe53a8f9703268098458ae30fb0122442a7a4c00a7b71e8a286af36",
            "directory_permission": "0777",
            "file_permission": "0777",
            "filename": "./pets.txt",
            "id": "a7e247f5038ccec95d2b1df39696c5e3aab6909f",
            "sensitive_content": null,
            "source": null
          },
          "sensitive_attributes": [
            [
              {
                "type": "get_attr",
                "value": "sensitive_content"
              }
            ]
          ],
          "identity_schema_version": 0
        }
      ]
    },
    {
      "mode": "managed",
      "type": "random_pet",
      "name": "my-pet",
      "provider": "provider[\"registry.terraform.io/hashicorp/random\"]",
      "instances": [
        {
          "schema_version": 0,
          "attributes": {
            "id": "Mrs.narwhal",
            "keepers": null,
            "length": 1,
            "prefix": "Mrs",
            "separator": "."
          },
          "sensitive_attributes": [],
          "identity_schema_version": 0
        }
      ]
    }
  ],
  "check_results": null
}
